
Microsoft Visual Studio Solution File, Format Version 12.00
# Visual Studio Version 16
VisualStudioVersion = 16.0.31911.196
MinimumVisualStudioVersion = 10.0.40219.1
Project("{FAE04EC0-301F-11D3-BF4B-00C04F79EFBC}") = "mvcBasics", "mvcBasics.csproj", "{9B4FBB0F-C964-4297-93B7-29C2B1006B20}"
EndProject
Global
	GlobalSection(SolutionConfigurationPlatforms) = preSolution
		Debug|Any CPU = Debug|Any CPU
		Release|Any CPU = Release|Any CPU
	EndGlobalSection
	GlobalSection(ProjectConfigurationPlatforms) = postSolution
		{9B4FBB0F-C964-4297-93B7-29C2B1006B20}.Debug|Any CPU.ActiveCfg = Debug|Any CPU
		{9B4FBB0F-C964-4297-93B7-29C2B1006B20}.Debug|Any CPU.Build.0 = Debug|Any CPU
		{9B4FBB0F-C964-4297-93B7-29C2B1006B20}.Release|Any CPU.ActiveCfg = Release|Any CPU
		{9B4FBB0F-C964-4297-93B7-29C2B1006B20}.Release|Any CPU.Build.0 = Release|Any CPU
	EndGlobalSection
	GlobalSection(SolutionProperties) = preSolution
		HideSolutionNode = FALSE
	EndGlobalSection
	GlobalSection(ExtensibilityGlobals) = postSolution
		SolutionGuid = {4F4C92EA-A4AD-48D7-BD69-A5F407653AAA}
	EndGlobalSection
EndGlobal
